
Microsoft Visual Studio Solution File, Format Version 12.00
# Visual Studio Version 16
VisualStudioVersion = 16.0.30523.141
MinimumVisualStudioVersion = 10.0.40219.1
Project("{FAE04EC0-301F-11D3-BF4B-00C04F79EFBC}") = "EmployeeManagement.APIs", "EmployeeManagement.APIs\EmployeeManagement.APIs.csproj", "{FA46705E-5ACE-4374-A428-B01E0E96270C}"
EndProject
Global
	GlobalSection(SolutionConfigurationPlatforms) = preSolution
		Debug|Any CPU = Debug|Any CPU
		Release|Any CPU = Release|Any CPU
	EndGlobalSection
	GlobalSection(ProjectConfigurationPlatforms) = postSolution
		{FA46705E-5ACE-4374-A428-B01E0E96270C}.Debug|Any CPU.ActiveCfg = Debug|Any CPU
		{FA46705E-5ACE-4374-A428-B01E0E96270C}.Debug|Any CPU.Build.0 = Debug|Any CPU
		{FA46705E-5ACE-4374-A428-B01E0E96270C}.Release|Any CPU.ActiveCfg = Release|Any CPU
		{FA46705E-5ACE-4374-A428-B01E0E96270C}.Release|Any CPU.Build.0 = Release|Any CPU
	EndGlobalSection
	GlobalSection(SolutionProperties) = preSolution
		HideSolutionNode = FALSE
	EndGlobalSection
	GlobalSection(ExtensibilityGlobals) = postSolution
		SolutionGuid = {3D4EAFD0-00C3-41B0-91F6-CACA6E3A54A0}
	EndGlobalSection
EndGlobal
